<?xml version="1.0" encoding="utf-8"?>
<Project ToolsVersion="4.0" xmlns="http://schemas.microsoft.com/developer/msbuild/2003">
  <ItemGroup>
    <Filter Include="Source Files">
      <UniqueIdentifier>{4FC737F1-C7A5-4376-A066-2A32D752A2FF}</UniqueIdentifier>
      <Extensions>cpp;c;cc;cxx;def;odl;idl;hpj;bat;asm;asmx</Extensions>
    </Filter>
    <Filter Include="Header Files">
      <UniqueIdentifier>{93995380-89BD-4b04-88EB-625FBE52EBFB}</UniqueIdentifier>
      <Extensions>h;hpp;hxx;hm;inl;inc;xsd</Extensions>
    </Filter>
    <Filter Include="Source Files\spark">
      <UniqueIdentifier>{75d8f66a-cf5f-44aa-be85-cb02bb353796}</UniqueIdentifier>
    </Filter>
    <Filter Include="Source Files\nfi">
      <UniqueIdentifier>{ac4ce2b3-ce67-487c-90c5-91e58e87d521}</UniqueIdentifier>
    </Filter>
    <Filter Include="Source Files\tests">
      <UniqueIdentifier>{baec0567-4405-4fd5-a2ed-21305b2b44e9}</UniqueIdentifier>
    </Filter>
    <Filter Include="Source Files\systems">
      <UniqueIdentifier>{9debcb17-2ead-4d63-8cae-1087f2ec1b5d}</UniqueIdentifier>
    </Filter>
    <Filter Include="Source Files\av">
      <UniqueIdentifier>{d661de74-78c0-4f05-8863-35984fc49d74}</UniqueIdentifier>
    </Filter>
    <Filter Include="Source Files\fms">
      <UniqueIdentifier>{78b7d137-c2a8-484d-aa52-0d5dc4accf72}</UniqueIdentifier>
    </Filter>
    <Filter Include="Source Files\objects">
      <UniqueIdentifier>{1bb2266e-2979-4c3d-80ed-96c93ff77ee9}</UniqueIdentifier>
    </Filter>
    <Filter Include="Source Files\objects\ada">
      <UniqueIdentifier>{b8984683-8efa-40f4-ad2e-1f255c5052f5}</UniqueIdentifier>
    </Filter>
    <Filter Include="Source Files\objects\aircraft">
      <UniqueIdentifier>{1e8dee50-dcac-42b3-8d09-d3f8317b93e1}</UniqueIdentifier>
    </Filter>
    <Filter Include="Source Files\objects\aircraft\sync_fms">
      <UniqueIdentifier>{ee4fda0b-563d-4762-ae9b-f55d9224a6eb}</UniqueIdentifier>
    </Filter>
    <Filter Include="Source Files\objects\aircraft_fms">
      <UniqueIdentifier>{90453dd4-b788-4821-8e97-a1903a771500}</UniqueIdentifier>
    </Filter>
    <Filter Include="Source Files\phys">
      <UniqueIdentifier>{5825f9d1-57fe-4ae3-9df4-98c2c25390b5}</UniqueIdentifier>
    </Filter>
    <Filter Include="Source Files\objects\phys_sys_obj">
      <UniqueIdentifier>{84d8ac5f-3c1a-4a06-b37b-7cd4da0ba62e}</UniqueIdentifier>
    </Filter>
    <Filter Include="Source Files\objects\simple_route">
      <UniqueIdentifier>{94a9fb94-bf61-458c-8700-9cb04ab5f5e2}</UniqueIdentifier>
    </Filter>
    <Filter Include="Source Files\objects\vehicle">
      <UniqueIdentifier>{4646637e-3fc3-44ef-a0f3-b6a80d22d301}</UniqueIdentifier>
    </Filter>
    <Filter Include="Source Files\objects\dubin_route">
      <UniqueIdentifier>{7e51963d-118e-4a3d-bfbd-c1ef62107c0e}</UniqueIdentifier>
    </Filter>
    <Filter Include="Source Files\utils">
      <UniqueIdentifier>{1d78c02c-f2ca-4071-932d-a075c987284d}</UniqueIdentifier>
    </Filter>
    <Filter Include="Source Files\tests\mygui">
      <UniqueIdentifier>{dfe60ed9-4841-4e3a-9bf4-9d0491d4b4c3}</UniqueIdentifier>
    </Filter>
    <Filter Include="Source Files\tests\cegui">
      <UniqueIdentifier>{17c8c559-16b2-4002-a51f-6f5cc127b377}</UniqueIdentifier>
    </Filter>
    <Filter Include="Source Files\hmi">
      <UniqueIdentifier>{812b7a33-058f-4dc5-9f1d-8064f54d4bfb}</UniqueIdentifier>
    </Filter>
    <Filter Include="Source Files\objects\aircraft_physless">
      <UniqueIdentifier>{f997ba06-b2e6-4bf4-a71d-85702562be88}</UniqueIdentifier>
    </Filter>
    <Filter Include="Source Files\objects\aircraft_physless\sync_fms">
      <UniqueIdentifier>{44c6cd61-e198-42d8-9945-9a9ed03048aa}</UniqueIdentifier>
    </Filter>
    <Filter Include="Source Files\objects\meteo">
      <UniqueIdentifier>{a11a04c7-6b70-4e15-90d5-8b1f61ee4ac1}</UniqueIdentifier>
    </Filter>
    <Filter Include="Source Files\av\lights">
      <UniqueIdentifier>{cd6a76f6-d361-4815-b76b-25a810594a1f}</UniqueIdentifier>
    </Filter>
    <Filter Include="Source Files\av\sky">
      <UniqueIdentifier>{d8f65343-33f7-463a-8a49-cb5c5a7f326d}</UniqueIdentifier>
    </Filter>
    <Filter Include="Source Files\av\sm">
      <UniqueIdentifier>{55691b10-34af-40ef-afd2-5b2a722c94d7}</UniqueIdentifier>
    </Filter>
    <Filter Include="Source Files\tests\systems">
      <UniqueIdentifier>{e1698b0f-b4da-408b-b68c-7e246d70df37}</UniqueIdentifier>
    </Filter>
    <Filter Include="Source Files\av\weather">
      <UniqueIdentifier>{75dffff0-efeb-4772-b05d-1a0ef73f0ff7}</UniqueIdentifier>
    </Filter>
    <Filter Include="Header Files\av">
      <UniqueIdentifier>{d1d3695c-6132-4e85-acb5-c194265d9274}</UniqueIdentifier>
    </Filter>
    <Filter Include="Source Files\av\core">
      <UniqueIdentifier>{5441e8c4-762c-4bc7-8858-3710cb7480f9}</UniqueIdentifier>
    </Filter>
    <Filter Include="Header Files\av\lights">
      <UniqueIdentifier>{00d957d5-9439-4a28-a9f8-02ee118baf7c}</UniqueIdentifier>
    </Filter>
    <Filter Include="Header Files\av\core">
      <UniqueIdentifier>{85f765eb-f10b-4d12-be74-a7be0fa510fe}</UniqueIdentifier>
    </Filter>
    <Filter Include="Source Files\av\scene">
      <UniqueIdentifier>{e353f16b-67ff-45e5-ad35-0fb4d3516043}</UniqueIdentifier>
    </Filter>
    <Filter Include="Header Files\av\scene">
      <UniqueIdentifier>{5e30ecf6-0ae6-49dc-a71b-d5bbfec8682f}</UniqueIdentifier>
    </Filter>
    <Filter Include="Header Files\av\animation">
      <UniqueIdentifier>{3f1a4651-c653-40da-8d15-c5ef547bfb75}</UniqueIdentifier>
    </Filter>
    <Filter Include="Source Files\av\animation">
      <UniqueIdentifier>{681a4289-425c-422e-9d2a-82705566e8a8}</UniqueIdentifier>
    </Filter>
    <Filter Include="Source Files\objects\registrator">
      <UniqueIdentifier>{df376c5c-b0b2-48b2-98b7-9fd1c12fd0eb}</UniqueIdentifier>
    </Filter>
    <Filter Include="Source Files\objects\nodes_manager">
      <UniqueIdentifier>{ffa5790b-3cd8-473e-947e-31ba35ef68d0}</UniqueIdentifier>
    </Filter>
    <Filter Include="Source Files\objects\human">
      <UniqueIdentifier>{8a01353b-b642-40c6-8b88-6ebbf18608e0}</UniqueIdentifier>
    </Filter>
    <Filter Include="Source Files\objects\nodes_manager\nm">
      <UniqueIdentifier>{6f7efcd7-d029-4c7d-bceb-11340a46af22}</UniqueIdentifier>
    </Filter>
    <Filter Include="Source Files\objects\flock_child">
      <UniqueIdentifier>{75826f99-1a99-43c6-9e90-9c866cd446bf}</UniqueIdentifier>
    </Filter>
    <Filter Include="Source Files\objects\flock_manager">
      <UniqueIdentifier>{f7f2fd7b-532e-46f3-a31d-aad46eb458a1}</UniqueIdentifier>
    </Filter>
    <Filter Include="Source Files\objects\airport">
      <UniqueIdentifier>{9dd83263-84cf-4a2e-84a6-f5b685cfd3b9}</UniqueIdentifier>
    </Filter>
    <Filter Include="Source Files\av\fx">
      <UniqueIdentifier>{66447063-faac-4bef-bc17-6dd4a6fdf919}</UniqueIdentifier>
    </Filter>
    <Filter Include="Source Files\objects\aerostat">
      <UniqueIdentifier>{85f57a9b-c35a-404f-840c-01d3ca96b6af}</UniqueIdentifier>
    </Filter>
    <Filter Include="Source Files\net_layer">
      <UniqueIdentifier>{8c039649-13e7-468d-8a45-acb9e36acd0c}</UniqueIdentifier>
    </Filter>
    <Filter Include="Source Files\tests\separate">
      <UniqueIdentifier>{f38fbb6c-d1dc-4d07-a478-00f1d6bdcd33}</UniqueIdentifier>
    </Filter>
    <Filter Include="Source Files\objects\helicopter_physless">
      <UniqueIdentifier>{0dc21d71-62b2-4e0e-9465-4f161f360516}</UniqueIdentifier>
    </Filter>
    <Filter Include="Source Files\objects\helicopter_physless\sync_fms">
      <UniqueIdentifier>{13257160-141d-4131-a903-c2cfea8429e3}</UniqueIdentifier>
    </Filter>
    <Filter Include="Source Files\objects\camera">
      <UniqueIdentifier>{aaad1b01-c0bc-4c91-af55-1200691d31ae}</UniqueIdentifier>
    </Filter>
    <Filter Include="Source Files\objects\environment">
      <UniqueIdentifier>{6c9e9556-c70e-4344-8687-0f1b10c720de}</UniqueIdentifier>
    </Filter>
    <Filter Include="Source Files\shaders">
      <UniqueIdentifier>{680f57ac-61f3-4bd7-ae47-a25c971ef79e}</UniqueIdentifier>
    </Filter>
    <Filter Include="Source Files\shaders\fx">
      <UniqueIdentifier>{fd8681e9-0ef4-4610-bfc8-f0746d3626a7}</UniqueIdentifier>
    </Filter>
    <Filter Include="Source Files\shaders\animation">
      <UniqueIdentifier>{1b9ccf73-92df-476c-9935-8bb7891de88f}</UniqueIdentifier>
    </Filter>
    <Filter Include="Source Files\av\sky\orig_ephemeris">
      <UniqueIdentifier>{5cc526fa-f273-4a1e-9202-a83765c19f1b}</UniqueIdentifier>
    </Filter>
    <Filter Include="Source Files\bada">
      <UniqueIdentifier>{6c8fb2fe-5ba7-4980-8553-1c244511cc12}</UniqueIdentifier>
    </Filter>
    <Filter Include="Source Files\av\terrain">
      <UniqueIdentifier>{dc97bf27-9180-43f9-bc0e-8bdd540d0da8}</UniqueIdentifier>
    </Filter>
  </ItemGroup>
  <ItemGroup>
    <None Include="ReadMe.txt" />
    <None Include="misc\shaders\tess_quad.tcs">
      <Filter>Source Files\shaders</Filter>
    </None>
    <None Include="misc\shaders\tess_quad.tes">
      <Filter>Source Files\shaders</Filter>
    </None>
    <None Include="misc\shaders\tess_tri.tcs">
      <Filter>Source Files\shaders</Filter>
    </None>
    <None Include="misc\shaders\tess_tri.tes">
      <Filter>Source Files\shaders</Filter>
    </None>
    <None Include="misc\shaders\grass.frag">
      <Filter>Source Files\shaders</Filter>
    </None>
    <None Include="misc\shaders\grass.vert">
      <Filter>Source Files\shaders</Filter>
    </None>
    <None Include="misc\shaders\tess.frag">
      <Filter>Source Files\shaders</Filter>
    </None>
    <None Include="misc\shaders\tess.geo">
      <Filter>Source Files\shaders</Filter>
    </None>
    <None Include="misc\shaders\tess.vs">
      <Filter>Source Files\shaders</Filter>
    </None>
    <None Include="misc\shaders\headers\fog.hlsl">
      <Filter>Source Files\shaders</Filter>
    </None>
    <None Include="misc\shaders\headers\scene_params.hlsl">
      <Filter>Source Files\shaders</Filter>
    </None>
    <None Include="misc\shaders\headers\spot_lights.hlsl">
      <Filter>Source Files\shaders</Filter>
    </None>
    <None Include="misc\shaders\headers\utils.hlsl">
      <Filter>Source Files\shaders</Filter>
    </None>
    <None Include="..\..\OSG\OpenSceneGraph-3.2.1\build\bin\data\materials\misc\SmokeFX.fs">
      <Filter>Source Files\shaders\fx</Filter>
    </None>
    <None Include="..\..\OSG\OpenSceneGraph-3.2.1\build\bin\data\materials\misc\SparksFX.vs">
      <Filter>Source Files\shaders\fx</Filter>
    </None>
    <None Include="..\..\OSG\OpenSceneGraph-3.2.1\build\bin\data\materials\misc\SmokeFX.gs">
      <Filter>Source Files\shaders\fx</Filter>
    </None>
    <None Include="..\..\OSG\OpenSceneGraph-3.2.1\build\bin\data\materials\misc\SmokeFX.vs">
      <Filter>Source Files\shaders\fx</Filter>
    </None>
    <None Include="..\..\OSG\OpenSceneGraph-3.2.1\build\bin\data\materials\misc\SparksFX.fs">
      <Filter>Source Files\shaders\fx</Filter>
    </None>
    <None Include="..\..\OSG\OpenSceneGraph-3.2.1\build\bin\data\materials\misc\SparksFX.gs">
      <Filter>Source Files\shaders\fx</Filter>
    </None>
    <None Include="misc\shaders\skinning.vert">
      <Filter>Source Files\shaders\animation</Filter>
    </None>
    <None Include="..\..\OSG\OpenSceneGraph-3.2.1\build\bin\data\materials\misc\LandingDustFX.fs">
      <Filter>Source Files\shaders\fx</Filter>
    </None>
    <None Include="..\..\OSG\OpenSceneGraph-3.2.1\build\bin\data\materials\misc\LandingDustFX.gs">
      <Filter>Source Files\shaders\fx</Filter>
    </None>
    <None Include="..\..\OSG\OpenSceneGraph-3.2.1\build\bin\data\materials\misc\LandingDustFX.vs">
      <Filter>Source Files\shaders\fx</Filter>
    </None>
    <None Include="..\..\OSG\OpenSceneGraph-3.2.1\build\bin\data\materials\misc\FoamStreamFx.fs">
      <Filter>Source Files\shaders\fx</Filter>
    </None>
    <None Include="..\..\OSG\OpenSceneGraph-3.2.1\build\bin\data\materials\misc\FoamStreamFx.gs">
      <Filter>Source Files\shaders\fx</Filter>
    </None>
    <None Include="..\..\OSG\OpenSceneGraph-3.2.1\build\bin\data\materials\misc\FoamStreamFx.vs">
      <Filter>Source Files\shaders\fx</Filter>
    </None>
    <None Include="..\..\OSG\OpenSceneGraph-3.2.1\build\bin\data\materials\misc\FrictionDustFx.fs">
      <Filter>Source Files\shaders\fx</Filter>
    </None>
    <None Include="..\..\OSG\OpenSceneGraph-3.2.1\build\bin\data\materials\misc\FrictionDustFx.gs">
      <Filter>Source Files\shaders\fx</Filter>
    </None>
    <None Include="..\..\OSG\OpenSceneGraph-3.2.1\build\bin\data\materials\misc\FrictionDustFx.vs">
      <Filter>Source Files\shaders\fx</Filter>
    </None>
    <None Include="misc\shaders\skinning_inst.vert">
      <Filter>Source Files\shaders\animation</Filter>
    </None>
  </ItemGroup>
  <ItemGroup>
    <ClInclude Include="targetver.h">
      <Filter>Header Files</Filter>
    </ClInclude>
    <ClInclude Include="_include\objects\object_creators.h">
      <Filter>Header Files</Filter>
    </ClInclude>
    <ClInclude Include="kernel\fms\trajectory.h">
      <Filter>Source Files\fms</Filter>
    </ClInclude>
    <ClInclude Include="kernel\objects\aircraft_physless\sync_fsm\sync_pl_none_state.h">
      <Filter>Source Files\objects\aircraft_physless\sync_fms</Filter>
    </ClInclude>
    <ClInclude Include="kernel\objects\aircraft_physless\sync_fsm\sync_pl_phys_state.h">
      <Filter>Source Files\objects\aircraft_physless\sync_fms</Filter>
    </ClInclude>
    <ClInclude Include="kernel\objects\aircraft_physless\sync_fsm\sync_pl_fms_state.h">
      <Filter>Source Files\objects\aircraft_physless\sync_fms</Filter>
    </ClInclude>
    <ClInclude Include="kernel\objects\aircraft_physless\sync_fsm\sync_pl_fsm.h">
      <Filter>Source Files\objects\aircraft_physless\sync_fms</Filter>
    </ClInclude>
    <ClInclude Include="av\Visual.h">
      <Filter>Header Files</Filter>
    </ClInclude>
    <ClInclude Include="utils\krv_import.h">
      <Filter>Source Files\utils</Filter>
    </ClInclude>
    <ClInclude Include="utils\empty_scene.h">
      <Filter>Source Files\utils</Filter>
    </ClInclude>
    <ClInclude Include="ext\spark\SmokeNode.h">
      <Filter>Source Files\spark</Filter>
    </ClInclude>
    <ClInclude Include="av\avLights\NavAid.h">
      <Filter>Header Files\av\lights</Filter>
    </ClInclude>
    <ClInclude Include="av\avLights\LightManager.h">
      <Filter>Header Files\av\lights</Filter>
    </ClInclude>
    <ClInclude Include="av\avLights\LightMaps.h">
      <Filter>Header Files\av\lights</Filter>
    </ClInclude>
    <ClInclude Include="av\avLights\Lights.h">
      <Filter>Header Files\av\lights</Filter>
    </ClInclude>
    <ClInclude Include="av\avCore\Global.h">
      <Filter>Header Files\av\core</Filter>
    </ClInclude>
    <ClInclude Include="av\avCore\Utils.h">
      <Filter>Header Files\av\core</Filter>
    </ClInclude>
    <ClInclude Include="av\avCore\HalfTypeHeader.h">
      <Filter>Header Files\av\core</Filter>
    </ClInclude>
    <ClInclude Include="av\IVisual.h">
      <Filter>Header Files\av</Filter>
    </ClInclude>
    <ClInclude Include="av\avCore\LOD.h">
      <Filter>Header Files\av\core</Filter>
    </ClInclude>
    <ClInclude Include="av\avCore\Logo.h">
      <Filter>Header Files\av\core</Filter>
    </ClInclude>
    <ClInclude Include="av\avCore\DebugRenderer.h">
      <Filter>Header Files\av\core</Filter>
    </ClInclude>
    <ClInclude Include="av\avCore\Environment.h">
      <Filter>Header Files\av\core</Filter>
    </ClInclude>
    <ClInclude Include="av\avScene\Scene.h">
      <Filter>Header Files\av\scene</Filter>
    </ClInclude>
    <ClInclude Include="av\avCore\Database.h">
      <Filter>Header Files\av\core</Filter>
    </ClInclude>
    <ClInclude Include="av\avScene\ScreenTexture.h">
      <Filter>Header Files\av\scene</Filter>
    </ClInclude>
    <ClInclude Include="av\avScene\ScreenTextureManager.h">
      <Filter>Header Files\av\scene</Filter>
    </ClInclude>
    <ClInclude Include="av\avAnimation\Bone.h">
      <Filter>Header Files\av\animation</Filter>
    </ClInclude>
    <ClInclude Include="av\avAnimation\XFileParser.h">
      <Filter>Header Files\av\animation</Filter>
    </ClInclude>
    <ClInclude Include="av\avAnimation\AnimationPrototype.h">
      <Filter>Header Files\av\animation</Filter>
    </ClInclude>
    <ClInclude Include="av\avAnimation\AnimTest.h">
      <Filter>Header Files\av\animation</Filter>
    </ClInclude>
    <ClInclude Include="av\avAnimation\AnimationObject.h">
      <Filter>Header Files\av\animation</Filter>
    </ClInclude>
    <ClInclude Include="kernel\objects\aircraft_physless\sync_fsm\sync_pl_transition_fms_phys.h">
      <Filter>Source Files\objects\aircraft_physless\sync_fms</Filter>
    </ClInclude>
    <ClInclude Include="kernel\objects\aircraft_physless\sync_fsm\sync_pl_transition_phys_fms.h">
      <Filter>Source Files\objects\aircraft_physless\sync_fms</Filter>
    </ClInclude>
    <ClInclude Include="kernel\objects\flock_child\flock_child_ctrl.h">
      <Filter>Source Files\objects\flock_child</Filter>
    </ClInclude>
    <ClInclude Include="kernel\objects\flock_child\flock_child_model.h">
      <Filter>Source Files\objects\flock_child</Filter>
    </ClInclude>
    <ClInclude Include="kernel\objects\flock_child\flock_child_view.h">
      <Filter>Source Files\objects\flock_child</Filter>
    </ClInclude>
    <ClInclude Include="kernel\objects\aerostat\aerostat_common.h">
      <Filter>Source Files\objects\aerostat</Filter>
    </ClInclude>
    <ClInclude Include="kernel\objects\aerostat\aerostat_ctrl.h">
      <Filter>Source Files\objects\aerostat</Filter>
    </ClInclude>
    <ClInclude Include="kernel\objects\aerostat\aerostat_model.h">
      <Filter>Source Files\objects\aerostat</Filter>
    </ClInclude>
    <ClInclude Include="kernel\objects\aerostat\aerostat_view.h">
      <Filter>Source Files\objects\aerostat</Filter>
    </ClInclude>
    <ClInclude Include="kernel\objects\helicopter_physless\helicopter_physless_common.h">
      <Filter>Source Files\objects\helicopter_physless</Filter>
    </ClInclude>
    <ClInclude Include="kernel\objects\helicopter_physless\helicopter_physless_ctrl.h">
      <Filter>Source Files\objects\helicopter_physless</Filter>
    </ClInclude>
    <ClInclude Include="kernel\objects\helicopter_physless\helicopter_physless_model.h">
      <Filter>Source Files\objects\helicopter_physless</Filter>
    </ClInclude>
    <ClInclude Include="kernel\objects\helicopter_physless\helicopter_physless_msg.h">
      <Filter>Source Files\objects\helicopter_physless</Filter>
    </ClInclude>
    <ClInclude Include="kernel\objects\helicopter_physless\helicopter_physless_state.h">
      <Filter>Source Files\objects\helicopter_physless</Filter>
    </ClInclude>
    <ClInclude Include="kernel\objects\helicopter_physless\helicopter_physless_view.h">
      <Filter>Source Files\objects\helicopter_physless</Filter>
    </ClInclude>
    <ClInclude Include="kernel\objects\helicopter_physless\helicopter_physless_visual.h">
      <Filter>Source Files\objects\helicopter_physless</Filter>
    </ClInclude>
    <ClInclude Include="kernel\objects\helicopter_physless\phys_helicopter_phl.h">
      <Filter>Source Files\objects\helicopter_physless</Filter>
    </ClInclude>
    <ClInclude Include="kernel\objects\helicopter_physless\sync_fsm\sync_heli_fms_state.h">
      <Filter>Source Files\objects\helicopter_physless\sync_fms</Filter>
    </ClInclude>
    <ClInclude Include="kernel\objects\helicopter_physless\sync_fsm\sync_heli_fsm.h">
      <Filter>Source Files\objects\helicopter_physless\sync_fms</Filter>
    </ClInclude>
    <ClInclude Include="kernel\objects\helicopter_physless\sync_fsm\sync_heli_none_state.h">
      <Filter>Source Files\objects\helicopter_physless\sync_fms</Filter>
    </ClInclude>
    <ClInclude Include="kernel\objects\helicopter_physless\sync_fsm\sync_heli_phys_state.h">
      <Filter>Source Files\objects\helicopter_physless\sync_fms</Filter>
    </ClInclude>
    <ClInclude Include="kernel\objects\helicopter_physless\sync_fsm\sync_heli_transition_fms_phys.h">
      <Filter>Source Files\objects\helicopter_physless\sync_fms</Filter>
    </ClInclude>
    <ClInclude Include="kernel\objects\helicopter_physless\sync_fsm\sync_heli_transition_phys_fms.h">
      <Filter>Source Files\objects\helicopter_physless\sync_fms</Filter>
    </ClInclude>
    <ClInclude Include="tests\systems\factory_systems.h">
      <Filter>Source Files\tests\systems</Filter>
    </ClInclude>
    <ClInclude Include="tests\systems\systems_impl.h">
      <Filter>Source Files\tests\systems</Filter>
    </ClInclude>
    <ClInclude Include="tests\systems\systems_impl2.h">
      <Filter>Source Files\tests\systems</Filter>
    </ClInclude>
    <ClInclude Include="kernel\objects\environment\environment_ctrl.h">
      <Filter>Source Files\objects\environment</Filter>
    </ClInclude>
    <ClInclude Include="av\avCore\Object.h">
      <Filter>Source Files\av\core</Filter>
    </ClInclude>
    <ClInclude Include="av\avTerrain\Grass.h">
      <Filter>Source Files\av\terrain</Filter>
    </ClInclude>
    <ClInclude Include="av\avTerrain\Grass2.h">
      <Filter>Source Files\av\terrain</Filter>
    </ClInclude>
    <ClInclude Include="av\avTerrain\Terrain.h">
      <Filter>Source Files\av\terrain</Filter>
    </ClInclude>
    <ClInclude Include="av\avTerrain\Trees.h">
      <Filter>Source Files\av\terrain</Filter>
    </ClInclude>
    <ClInclude Include="av\avCore\PreRender.h">
      <Filter>Source Files\av\core</Filter>
    </ClInclude>
    <ClInclude Include="av\avSky\CloudLayer.h">
      <Filter>Source Files\av\sky\orig_ephemeris</Filter>
    </ClInclude>
    <ClInclude Include="av\avSky\Ephemeris.h">
      <Filter>Source Files\av\sky\orig_ephemeris</Filter>
    </ClInclude>
    <ClInclude Include="av\avSky\FogLayer.h">
      <Filter>Source Files\av\sky\orig_ephemeris</Filter>
    </ClInclude>
    <ClInclude Include="av\avSky\LightningLayer.h">
      <Filter>Source Files\av\sky\orig_ephemeris</Filter>
    </ClInclude>
    <ClInclude Include="utils\LoadManager.h">
      <Filter>Source Files\utils</Filter>
    </ClInclude>
  </ItemGroup>
  <ItemGroup>
    <ClCompile Include="stdafx.cpp">
      <Filter>Source Files</Filter>
    </ClCompile>
    <ClCompile Include="test_osg.cpp">
      <Filter>Source Files</Filter>
    </ClCompile>
    <ClCompile Include="av\EnvRenderer.cpp">
      <Filter>Source Files\av</Filter>
    </ClCompile>
    <ClCompile Include="tests\bump_mapping.cpp">
      <Filter>Source Files\tests</Filter>
    </ClCompile>
    <ClCompile Include="tests\dubins_test.cpp">
      <Filter>Source Files\tests</Filter>
    </ClCompile>
    <ClCompile Include="tests\exp_test.cpp">
      <Filter>Source Files\tests</Filter>
    </ClCompile>
    <ClCompile Include="tests\main_scene.cpp">
      <Filter>Source Files\tests</Filter>
    </ClCompile>
    <ClCompile Include="tests\main_shadows.cpp">
      <Filter>Source Files\tests</Filter>
    </ClCompile>
    <ClCompile Include="tests\main_shadows_2.cpp">
      <Filter>Source Files\tests</Filter>
    </ClCompile>
    <ClCompile Include="tests\select_geometry.cpp">
      <Filter>Source Files\tests</Filter>
    </ClCompile>
    <ClCompile Include="tests\shadow_map.cpp">
      <Filter>Source Files\tests</Filter>
    </ClCompile>
    <ClCompile Include="tests\SimpleHUD.cpp">
      <Filter>Source Files\tests</Filter>
    </ClCompile>
    <ClCompile Include="tests\SkyBox.cpp">
      <Filter>Source Files\tests</Filter>
    </ClCompile>
    <ClCompile Include="tests\teapot.cpp">
      <Filter>Source Files\tests</Filter>
    </ClCompile>
    <ClCompile Include="tests\tess_test.cpp">
      <Filter>Source Files\tests</Filter>
    </ClCompile>
    <ClCompile Include="tests\tex_test.cpp">
      <Filter>Source Files\tests</Filter>
    </ClCompile>
    <ClCompile Include="utils\visitors\find_node_visitor.cpp">
      <Filter>Source Files\utils</Filter>
    </ClCompile>
    <ClCompile Include="ext\spark\explosion_effect.cpp">
      <Filter>Source Files\spark</Filter>
    </ClCompile>
    <ClCompile Include="ext\spark\fire_effect.cpp">
      <Filter>Source Files\spark</Filter>
    </ClCompile>
    <ClCompile Include="ext\spark\rain_effect.cpp">
      <Filter>Source Files\spark</Filter>
    </ClCompile>
    <ClCompile Include="ext\spark\simple_effect.cpp">
      <Filter>Source Files\spark</Filter>
    </ClCompile>
    <ClCompile Include="ext\spark\SparkDrawable.cpp">
      <Filter>Source Files\spark</Filter>
    </ClCompile>
    <ClCompile Include="ext\spark\SparkUpdatingHandler.cpp">
      <Filter>Source Files\spark</Filter>
    </ClCompile>
    <ClCompile Include="ext\spark\osgspark.cpp">
      <Filter>Source Files\spark</Filter>
    </ClCompile>
    <ClCompile Include="kernel\systems\common\object_class_impl.cpp">
      <Filter>Source Files\systems</Filter>
    </ClCompile>
    <ClCompile Include="_include\objects\bullet_importer.cpp">
      <Filter>Source Files\phys</Filter>
    </ClCompile>
    <ClCompile Include="kernel\systems\visual_system\visual_object_impl.cpp">
      <Filter>Source Files\systems</Filter>
    </ClCompile>
    <ClCompile Include="kernel\systems\system_base\fake_system.cpp">
      <Filter>Source Files\systems</Filter>
    </ClCompile>
    <ClCompile Include="kernel\phys\BulletInterface.cpp">
      <Filter>Source Files\phys</Filter>
    </ClCompile>
    <ClCompile Include="kernel\phys\BulletMTInterface.cpp">
      <Filter>Source Files\phys</Filter>
    </ClCompile>
    <ClCompile Include="kernel\phys\bvh_static_mesh.cpp">
      <Filter>Source Files\phys</Filter>
    </ClCompile>
    <ClCompile Include="kernel\phys\GLDebugDrawer.cpp">
      <Filter>Source Files\phys</Filter>
    </ClCompile>
    <ClCompile Include="kernel\phys\ray_cast_vehicle.cpp">
      <Filter>Source Files\phys</Filter>
    </ClCompile>
    <ClCompile Include="kernel\phys\RigidUpdater.cpp">
      <Filter>Source Files\phys</Filter>
    </ClCompile>
    <ClCompile Include="kernel\phys\static_convex.cpp">
      <Filter>Source Files\phys</Filter>
    </ClCompile>
    <ClCompile Include="kernel\objects\aircraft\sync_fsm\sync_fms_state.cpp">
      <Filter>Source Files\objects\aircraft\sync_fms</Filter>
    </ClCompile>
    <ClCompile Include="kernel\objects\aircraft\sync_fsm\sync_fsm.cpp">
      <Filter>Source Files\objects\aircraft\sync_fms</Filter>
    </ClCompile>
    <ClCompile Include="kernel\objects\aircraft\sync_fsm\sync_none_state.cpp">
      <Filter>Source Files\objects\aircraft\sync_fms</Filter>
    </ClCompile>
    <ClCompile Include="kernel\objects\aircraft\sync_fsm\sync_phys_state.cpp">
      <Filter>Source Files\objects\aircraft\sync_fms</Filter>
    </ClCompile>
    <ClCompile Include="kernel\objects\aircraft\sync_fsm\sync_transition_fms_phys.cpp">
      <Filter>Source Files\objects\aircraft\sync_fms</Filter>
    </ClCompile>
    <ClCompile Include="kernel\objects\aircraft\sync_fsm\sync_transition_phys_fms.cpp">
      <Filter>Source Files\objects\aircraft\sync_fms</Filter>
    </ClCompile>
    <ClCompile Include="kernel\objects\aircraft\aircraft_ctrl.cpp">
      <Filter>Source Files\objects\aircraft</Filter>
    </ClCompile>
    <ClCompile Include="kernel\objects\aircraft\aircraft_model.cpp">
      <Filter>Source Files\objects\aircraft</Filter>
    </ClCompile>
    <ClCompile Include="kernel\objects\aircraft\aircraft_shassis_impl.cpp">
      <Filter>Source Files\objects\aircraft</Filter>
    </ClCompile>
    <ClCompile Include="kernel\objects\aircraft\aircraft_view.cpp">
      <Filter>Source Files\objects\aircraft</Filter>
    </ClCompile>
    <ClCompile Include="kernel\objects\aircraft\aircraft_visual.cpp">
      <Filter>Source Files\objects\aircraft</Filter>
    </ClCompile>
    <ClCompile Include="kernel\objects\aircraft\phys_aircraft.cpp">
      <Filter>Source Files\objects\aircraft</Filter>
    </ClCompile>
    <ClCompile Include="kernel\objects\aircraft_fms\aircraft_fms_model.cpp">
      <Filter>Source Files\objects\aircraft_fms</Filter>
    </ClCompile>
    <ClCompile Include="kernel\objects\aircraft_fms\aircraft_fms_view.cpp">
      <Filter>Source Files\objects\aircraft_fms</Filter>
    </ClCompile>
    <ClCompile Include="kernel\objects\airport\airport_model.cpp">
      <Filter>Source Files\objects\airport</Filter>
    </ClCompile>
    <ClCompile Include="kernel\objects\airport\airport_view.cpp">
      <Filter>Source Files\objects\airport</Filter>
    </ClCompile>
    <ClCompile Include="kernel\objects\airports_manager\airports_manager_view.cpp">
      <Filter>Source Files\objects\airport</Filter>
    </ClCompile>
    <ClCompile Include="kernel\objects\ada\ada_view.cpp">
      <Filter>Source Files\objects\ada</Filter>
    </ClCompile>
    <ClCompile Include="_include\bada\bada_import.cpp">
      <Filter>Source Files\bada</Filter>
    </ClCompile>
    <ClCompile Include="kernel\objects\conditions\meteo_proxy_view.cpp">
      <Filter>Source Files\objects\meteo</Filter>
    </ClCompile>
    <ClCompile Include="core\nfi\lib_loader.cpp">
      <Filter>Source Files\nfi</Filter>
    </ClCompile>
    <ClCompile Include="kernel\objects\nm\node_osg_impl.cpp">
      <Filter>Source Files\objects\nodes_manager\nm</Filter>
    </ClCompile>
    <ClCompile Include="kernel\objects\nm\nodes_management.cpp">
      <Filter>Source Files\objects\nodes_manager\nm</Filter>
    </ClCompile>
    <ClCompile Include="kernel\objects\nm\nodes_manager.cpp">
      <Filter>Source Files\objects\nodes_manager\nm</Filter>
    </ClCompile>
    <ClCompile Include="kernel\objects\nodes_manager\mod_node_impl.cpp">
      <Filter>Source Files\objects\nodes_manager</Filter>
    </ClCompile>
    <ClCompile Include="kernel\objects\nodes_manager\node_impl.cpp">
      <Filter>Source Files\objects\nodes_manager</Filter>
    </ClCompile>
    <ClCompile Include="kernel\objects\nodes_manager\node_tree_iterator.cpp">
      <Filter>Source Files\objects\nodes_manager</Filter>
    </ClCompile>
    <ClCompile Include="kernel\objects\nodes_manager\nodes_manager_view.cpp">
      <Filter>Source Files\objects\nodes_manager</Filter>
    </ClCompile>
    <ClCompile Include="kernel\objects\nodes_manager\nodes_manager_visual.cpp">
      <Filter>Source Files\objects\nodes_manager</Filter>
    </ClCompile>
    <ClCompile Include="kernel\objects\nodes_manager\vis_node_impl.cpp">
      <Filter>Source Files\objects\nodes_manager</Filter>
    </ClCompile>
    <ClCompile Include="kernel\objects\phys_sys_object\phys_sys_object_model.cpp">
      <Filter>Source Files\objects\phys_sys_obj</Filter>
    </ClCompile>
    <ClCompile Include="kernel\objects\phys_sys_object\phys_sys_object_view.cpp">
      <Filter>Source Files\objects\phys_sys_obj</Filter>
    </ClCompile>
    <ClCompile Include="kernel\objects\simple_route\simple_route_ctrl.cpp">
      <Filter>Source Files\objects\simple_route</Filter>
    </ClCompile>
    <ClCompile Include="kernel\objects\simple_route\simple_route_view.cpp">
      <Filter>Source Files\objects\simple_route</Filter>
    </ClCompile>
    <ClCompile Include="core\config\config.cpp">
      <Filter>Source Files\utils</Filter>
    </ClCompile>
    <ClCompile Include="kernel\objects\vehicle\vehicle_ctrl.cpp">
      <Filter>Source Files\objects\vehicle</Filter>
    </ClCompile>
    <ClCompile Include="kernel\objects\vehicle\vehicle_model.cpp">
      <Filter>Source Files\objects\vehicle</Filter>
    </ClCompile>
    <ClCompile Include="kernel\objects\vehicle\vehicle_model_states.cpp">
      <Filter>Source Files\objects\vehicle</Filter>
    </ClCompile>
    <ClCompile Include="kernel\objects\vehicle\vehicle_view.cpp">
      <Filter>Source Files\objects\vehicle</Filter>
    </ClCompile>
    <ClCompile Include="kernel\objects\vehicle\vehicle_visual.cpp">
      <Filter>Source Files\objects\vehicle</Filter>
    </ClCompile>
    <ClCompile Include="kernel\phys\aircraft_phys.cpp">
      <Filter>Source Files\phys</Filter>
    </ClCompile>
    <ClCompile Include="kernel\fms\dubins.cpp">
      <Filter>Source Files\fms</Filter>
    </ClCompile>
    <ClCompile Include="kernel\systems\objects_base\base_view.cpp">
      <Filter>Source Files\systems</Filter>
    </ClCompile>
    <ClCompile Include="kernel\objects\common\object_creators.cpp">
      <Filter>Source Files\systems</Filter>
    </ClCompile>
    <ClCompile Include="utils\animation_handler.cpp">
      <Filter>Source Files\utils</Filter>
    </ClCompile>
    <ClCompile Include="utils\materials.cpp">
      <Filter>Source Files\utils</Filter>
    </ClCompile>
    <ClCompile Include="kernel\objects\aircraft\aircraft_rotors_impl.cpp">
      <Filter>Source Files\objects\aircraft</Filter>
    </ClCompile>
    <ClCompile Include="ext\spark\test_effect.cpp">
      <Filter>Source Files\spark</Filter>
    </ClCompile>
    <ClCompile Include="kernel\objects\dubin_route\dubin_route_ctrl.cpp">
      <Filter>Source Files\objects\dubin_route</Filter>
    </ClCompile>
    <ClCompile Include="kernel\objects\dubin_route\dubin_route_view.cpp">
      <Filter>Source Files\objects\dubin_route</Filter>
    </ClCompile>
    <ClCompile Include="kernel\fms\trajectory.cpp">
      <Filter>Source Files\fms</Filter>
    </ClCompile>
    <ClCompile Include="tests\MyGui\MYGUIManager.cpp">
      <Filter>Source Files\tests\mygui</Filter>
    </ClCompile>
    <ClCompile Include="tests\MyGui\osgmygui.cpp">
      <Filter>Source Files\tests\mygui</Filter>
    </ClCompile>
    <ClCompile Include="tests\cegui\CEGUIDrawable.cpp">
      <Filter>Source Files\tests\cegui</Filter>
    </ClCompile>
    <ClCompile Include="tests\cegui\cegui_main.cpp">
      <Filter>Source Files\tests\cegui</Filter>
    </ClCompile>
    <ClCompile Include="tests\common\CommonFunctions.cpp">
      <Filter>Source Files\tests</Filter>
    </ClCompile>
    <ClCompile Include="hmi\gui_vis\panels\vis_settings_panel_impl.cpp">
      <Filter>Source Files\hmi</Filter>
    </ClCompile>
    <ClCompile Include="kernel\objects\aircraft_physless\aircraft_physless_model.cpp">
      <Filter>Source Files\objects\aircraft_physless</Filter>
    </ClCompile>
    <ClCompile Include="kernel\objects\aircraft_physless\aircraft_physless_view.cpp">
      <Filter>Source Files\objects\aircraft_physless</Filter>
    </ClCompile>
    <ClCompile Include="kernel\objects\aircraft_physless\sync_fsm\sync_pl_none_state.cpp">
      <Filter>Source Files\objects\aircraft_physless\sync_fms</Filter>
    </ClCompile>
    <ClCompile Include="kernel\objects\aircraft_physless\sync_fsm\sync_pl_phys_state.cpp">
      <Filter>Source Files\objects\aircraft_physless\sync_fms</Filter>
    </ClCompile>
    <ClCompile Include="kernel\objects\aircraft_physless\sync_fsm\sync_pl_fms_state.cpp">
      <Filter>Source Files\objects\aircraft_physless\sync_fms</Filter>
    </ClCompile>
    <ClCompile Include="kernel\objects\aircraft_physless\sync_fsm\sync_pl_fsm.cpp">
      <Filter>Source Files\objects\aircraft_physless\sync_fms</Filter>
    </ClCompile>
    <ClCompile Include="kernel\objects\aircraft_physless\aircraft_physless_ctrl.cpp">
      <Filter>Source Files\objects\aircraft_physless</Filter>
    </ClCompile>
    <ClCompile Include="tests\test_curves.cpp">
      <Filter>Source Files\tests</Filter>
    </ClCompile>
    <ClCompile Include="av\scn_parser.cpp">
      <Filter>Source Files\av</Filter>
    </ClCompile>
    <ClCompile Include="hmi\gui_vis\main_window_impl.cpp">
      <Filter>Source Files\hmi</Filter>
    </ClCompile>
    <ClCompile Include="hmi\gui_vis\menu_impl.cpp">
      <Filter>Source Files\hmi</Filter>
    </ClCompile>
    <ClCompile Include="tests\render_points.cpp">
      <Filter>Source Files\tests</Filter>
    </ClCompile>
    <ClCompile Include="av\avSky\CelestialBodies.cpp">
      <Filter>Source Files\av\sky</Filter>
    </ClCompile>
    <ClCompile Include="av\avSky\DateTime.cpp">
      <Filter>Source Files\av\sky</Filter>
    </ClCompile>
    <ClCompile Include="av\avSky\EphemerisEngine.cpp">
      <Filter>Source Files\av\sky</Filter>
    </ClCompile>
    <ClCompile Include="av\avSky\EphemerisModel.cpp">
      <Filter>Source Files\av\sky</Filter>
    </ClCompile>
    <ClCompile Include="av\avSky\Moon.cpp">
      <Filter>Source Files\av\sky</Filter>
    </ClCompile>
    <ClCompile Include="av\avSky\Sky.cpp">
      <Filter>Source Files\av\sky</Filter>
    </ClCompile>
    <ClCompile Include="av\avSky\SkyDome.cpp">
      <Filter>Source Files\av\sky</Filter>
    </ClCompile>
    <ClCompile Include="av\avSky\StarField.cpp">
      <Filter>Source Files\av\sky</Filter>
    </ClCompile>
    <ClCompile Include="tests\grass_test.cpp">
      <Filter>Source Files\tests</Filter>
    </ClCompile>
    <ClCompile Include="av\avShadows\ShadowedScene.cpp">
      <Filter>Source Files\av\sm</Filter>
    </ClCompile>
    <ClCompile Include="av\avShadows\ShadowMap.cpp">
      <Filter>Source Files\av\sm</Filter>
    </ClCompile>
    <ClCompile Include="av\avShadows\ShadowSettings.cpp">
      <Filter>Source Files\av\sm</Filter>
    </ClCompile>
    <ClCompile Include="av\avShadows\ShadowTechnique.cpp">
      <Filter>Source Files\av\sm</Filter>
    </ClCompile>
    <ClCompile Include="av\avShadows\ViewDependentShadowMap.cpp">
      <Filter>Source Files\av\sm</Filter>
    </ClCompile>
    <ClCompile Include="tests\creators.cpp">
      <Filter>Source Files\tests</Filter>
    </ClCompile>
    <ClCompile Include="av\Visual.cpp">
      <Filter>Source Files\av</Filter>
    </ClCompile>
    <ClCompile Include="utils\empty_scene.cpp">
      <Filter>Source Files\utils</Filter>
    </ClCompile>
    <ClCompile Include="kernel\objects\airport\airport_ctrl.cpp">
      <Filter>Source Files\objects\airport</Filter>
    </ClCompile>
    <ClCompile Include="av\shaders.cpp">
      <Filter>Source Files\shaders</Filter>
    </ClCompile>
    <ClCompile Include="ext\spark\SmokeNode.cpp">
      <Filter>Source Files\spark</Filter>
    </ClCompile>
    <ClCompile Include="tests\systems\test_objects1.cpp">
      <Filter>Source Files\tests\systems</Filter>
    </ClCompile>
    <ClCompile Include="av\avLights\LightManager.cpp">
      <Filter>Source Files\av\lights</Filter>
    </ClCompile>
    <ClCompile Include="av\avLights\LightMaps.cpp">
      <Filter>Source Files\av\lights</Filter>
    </ClCompile>
    <ClCompile Include="av\avLights\Lights.cpp">
      <Filter>Source Files\av\lights</Filter>
    </ClCompile>
    <ClCompile Include="av\avLights\NavAid.cpp">
      <Filter>Source Files\av\lights</Filter>
    </ClCompile>
    <ClCompile Include="av\avCore\Utils.cpp">
      <Filter>Source Files\av\core</Filter>
    </ClCompile>
    <ClCompile Include="av\avCore\LOD.cpp">
      <Filter>Source Files\av\core</Filter>
    </ClCompile>
    <ClCompile Include="av\avCore\Logo.cpp">
      <Filter>Source Files\av\core</Filter>
    </ClCompile>
    <ClCompile Include="av\avWeather\Cloud.cpp">
      <Filter>Source Files\av\weather</Filter>
    </ClCompile>
    <ClCompile Include="av\avCore\DebugRenderer.cpp">
      <Filter>Source Files\av\core</Filter>
    </ClCompile>
    <ClCompile Include="av\avCore\Environment.cpp">
      <Filter>Source Files\av\core</Filter>
    </ClCompile>
    <ClCompile Include="av\avScene\av_scene.cpp">
      <Filter>Source Files\av\scene</Filter>
    </ClCompile>
    <ClCompile Include="av\avScene\Scene.cpp">
      <Filter>Source Files\av\scene</Filter>
    </ClCompile>
    <ClCompile Include="av\avCore\Database.cpp">
      <Filter>Source Files\av\core</Filter>
    </ClCompile>
    <ClCompile Include="av\avWeather\Weather.cpp">
      <Filter>Source Files\av\weather</Filter>
    </ClCompile>
    <ClCompile Include="av\avWeather\PrecipitationBase.cpp">
      <Filter>Source Files\av\weather</Filter>
    </ClCompile>
    <ClCompile Include="av\avWeather\LocalWeather.cpp">
      <Filter>Source Files\av\weather</Filter>
    </ClCompile>
    <ClCompile Include="av\avWeather\FogBank.cpp">
      <Filter>Source Files\av\weather</Filter>
    </ClCompile>
    <ClCompile Include="av\avScene\ScreenTextureManager.cpp">
      <Filter>Source Files\av\scene</Filter>
    </ClCompile>
    <ClCompile Include="av\avScene\ScreenTexture.cpp">
      <Filter>Source Files\av\scene</Filter>
    </ClCompile>
    <ClCompile Include="tests\ssao\ffssao.cpp">
      <Filter>Source Files\tests</Filter>
    </ClCompile>
    <ClCompile Include="av\avShadows\ParallelSplitShadowMap.cpp">
      <Filter>Source Files\av\sm</Filter>
    </ClCompile>
    <ClCompile Include="tests\osgsmartbody.cpp">
      <Filter>Source Files\tests</Filter>
    </ClCompile>
    <ClCompile Include="tests\osgshadowworks.cpp">
      <Filter>Source Files\tests</Filter>
    </ClCompile>
    <ClCompile Include="av\avAnimation\AnimationPrototype.cpp">
      <Filter>Source Files\av\animation</Filter>
    </ClCompile>
    <ClCompile Include="av\avAnimation\XFileParser.cpp">
      <Filter>Source Files\av\animation</Filter>
    </ClCompile>
    <ClCompile Include="av\avAnimation\Bone.cpp">
      <Filter>Source Files\av\animation</Filter>
    </ClCompile>
    <ClCompile Include="av\avAnimation\AnimTest.cpp">
      <Filter>Source Files\av\animation</Filter>
    </ClCompile>
    <ClCompile Include="av\avAnimation\AnimationObject.cpp">
      <Filter>Source Files\av\animation</Filter>
    </ClCompile>
    <ClCompile Include="av\avCore\Timer.cpp">
      <Filter>Source Files\av\core</Filter>
    </ClCompile>
    <ClCompile Include="tests\test_boost_timer.cpp">
      <Filter>Source Files\tests</Filter>
    </ClCompile>
    <ClCompile Include="tests\patch-lowlevel.cpp">
      <Filter>Source Files\tests</Filter>
    </ClCompile>
    <ClCompile Include="tests\noise_texture_test.cpp">
      <Filter>Source Files\tests</Filter>
    </ClCompile>
    <ClCompile Include="kernel\objects\aircraft_physless\aircraft_physless_visual.cpp">
      <Filter>Source Files\objects\aircraft_physless</Filter>
    </ClCompile>
    <ClCompile Include="hmi\gui_vis\panels\time_panel_impl.cpp">
      <Filter>Source Files\hmi</Filter>
    </ClCompile>
    <ClCompile Include="tests\animation_test.cpp">
      <Filter>Source Files\tests</Filter>
    </ClCompile>
    <ClCompile Include="kernel\objects\human\human_ctrl.cpp">
      <Filter>Source Files\objects\human</Filter>
    </ClCompile>
    <ClCompile Include="kernel\objects\human\human_model.cpp">
      <Filter>Source Files\objects\human</Filter>
    </ClCompile>
    <ClCompile Include="kernel\objects\human\human_model_states.cpp">
      <Filter>Source Files\objects\human</Filter>
    </ClCompile>
    <ClCompile Include="kernel\objects\human\human_view.cpp">
      <Filter>Source Files\objects\human</Filter>
    </ClCompile>
    <ClCompile Include="kernel\objects\human\human_visual.cpp">
      <Filter>Source Files\objects\human</Filter>
    </ClCompile>
    <ClCompile Include="kernel\phys\aircraft_phys_lite.cpp">
      <Filter>Source Files\phys</Filter>
    </ClCompile>
    <ClCompile Include="kernel\objects\aircraft_physless\phys_aircraft_phl.cpp">
      <Filter>Source Files\objects\aircraft_physless</Filter>
    </ClCompile>
    <ClCompile Include="kernel\objects\aircraft_physless\sync_fsm\sync_pl_transition_fms_phys.cpp">
      <Filter>Source Files\objects\aircraft_physless\sync_fms</Filter>
    </ClCompile>
    <ClCompile Include="kernel\objects\aircraft_physless\sync_fsm\sync_pl_transition_phys_fms.cpp">
      <Filter>Source Files\objects\aircraft_physless\sync_fms</Filter>
    </ClCompile>
    <ClCompile Include="kernel\objects\flock_child\flock_child_ctrl.cpp">
      <Filter>Source Files\objects\flock_child</Filter>
    </ClCompile>
    <ClCompile Include="kernel\objects\flock_child\flock_child_model.cpp">
      <Filter>Source Files\objects\flock_child</Filter>
    </ClCompile>
    <ClCompile Include="kernel\objects\flock_child\flock_child_view.cpp">
      <Filter>Source Files\objects\flock_child</Filter>
    </ClCompile>
    <ClCompile Include="kernel\objects\flock_manager\flock_manager_view.cpp">
      <Filter>Source Files\objects\flock_manager</Filter>
    </ClCompile>
    <ClCompile Include="tests\animation_test2.cpp">
      <Filter>Source Files\tests</Filter>
    </ClCompile>
    <ClCompile Include="kernel\objects\flock_manager\flock_manager_ctrl.cpp">
      <Filter>Source Files\objects\flock_manager</Filter>
    </ClCompile>
    <ClCompile Include="kernel\phys\flock_child_phys.cpp">
      <Filter>Source Files\phys</Filter>
    </ClCompile>
    <ClCompile Include="av\avCore\XmlModel.cpp">
      <Filter>Source Files\av\core</Filter>
    </ClCompile>
    <ClCompile Include="kernel\objects\flock_manager\flock_manager_model.cpp">
      <Filter>Source Files\objects\flock_manager</Filter>
    </ClCompile>
    <ClCompile Include="kernel\objects\object_reg\objects_reg_ctrl.cpp">
      <Filter>Source Files\objects\registrator</Filter>
    </ClCompile>
    <ClCompile Include="kernel\objects\object_reg\objects_reg_model.cpp">
      <Filter>Source Files\objects\registrator</Filter>
    </ClCompile>
    <ClCompile Include="kernel\objects\object_reg\objects_reg_view.cpp">
      <Filter>Source Files\objects\registrator</Filter>
    </ClCompile>
    <ClCompile Include="utils\async_load.cpp">
      <Filter>Source Files\utils</Filter>
    </ClCompile>
    <ClCompile Include="av\avFx\SmokeFx.cpp">
      <Filter>Source Files\av\fx</Filter>
    </ClCompile>
    <ClCompile Include="av\avFx\FoamStreamFx.cpp">
      <Filter>Source Files\av\fx</Filter>
    </ClCompile>
    <ClCompile Include="av\avFx\SparksFx.cpp">
      <Filter>Source Files\av\fx</Filter>
    </ClCompile>
    <ClCompile Include="av\avFx\LandingDustFx.cpp">
      <Filter>Source Files\av\fx</Filter>
    </ClCompile>
    <ClCompile Include="av\avCore\NodeTracker.cpp">
      <Filter>Source Files\av\core</Filter>
    </ClCompile>
    <ClCompile Include="av\avFx\FrictionDustFx.cpp">
      <Filter>Source Files\av\fx</Filter>
    </ClCompile>
    <ClCompile Include="kernel\objects\aerostat\aerostat_ctrl.cpp">
      <Filter>Source Files\objects\aerostat</Filter>
    </ClCompile>
    <ClCompile Include="kernel\objects\aerostat\aerostat_model.cpp">
      <Filter>Source Files\objects\aerostat</Filter>
    </ClCompile>
    <ClCompile Include="kernel\objects\aerostat\aerostat_view.cpp">
      <Filter>Source Files\objects\aerostat</Filter>
    </ClCompile>
    <ClCompile Include="kernel\phys\aerostat_phys.cpp">
      <Filter>Source Files\phys</Filter>
    </ClCompile>
    <ClCompile Include="core\cluster\net_layer\session_impl.cpp">
      <Filter>Source Files\net_layer</Filter>
    </ClCompile>
    <ClCompile Include="core\cluster\net_layer\net_worker.cpp">
      <Filter>Source Files\net_layer</Filter>
    </ClCompile>
    <ClCompile Include="tests\animation_test3.cpp">
      <Filter>Source Files\tests</Filter>
    </ClCompile>
    <ClCompile Include="tests\animation_test4.cpp">
      <Filter>Source Files\tests</Filter>
    </ClCompile>
    <ClCompile Include="utils\visitors\ComputeTriMeshVisitor.cpp">
      <Filter>Source Files\tests</Filter>
    </ClCompile>
    <ClCompile Include="tests\mrt_test.cpp">
      <Filter>Source Files\tests</Filter>
    </ClCompile>
    <ClCompile Include="tests\visapp\main_modapp.cpp">
      <Filter>Source Files\tests\separate</Filter>
    </ClCompile>
    <ClCompile Include="tests\visapp\main_visapp.cpp">
      <Filter>Source Files\tests\separate</Filter>
    </ClCompile>
    <ClCompile Include="kernel\objects\helicopter_physless\helicopter_physless_ctrl.cpp">
      <Filter>Source Files\objects\helicopter_physless</Filter>
    </ClCompile>
    <ClCompile Include="kernel\objects\helicopter_physless\helicopter_physless_model.cpp">
      <Filter>Source Files\objects\helicopter_physless</Filter>
    </ClCompile>
    <ClCompile Include="kernel\objects\helicopter_physless\helicopter_physless_view.cpp">
      <Filter>Source Files\objects\helicopter_physless</Filter>
    </ClCompile>
    <ClCompile Include="kernel\objects\helicopter_physless\helicopter_physless_visual.cpp">
      <Filter>Source Files\objects\helicopter_physless</Filter>
    </ClCompile>
    <ClCompile Include="kernel\objects\helicopter_physless\phys_helicopter_phl.cpp">
      <Filter>Source Files\objects\helicopter_physless</Filter>
    </ClCompile>
    <ClCompile Include="kernel\objects\helicopter_physless\sync_fsm\sync_heli_fms_state.cpp">
      <Filter>Source Files\objects\helicopter_physless\sync_fms</Filter>
    </ClCompile>
    <ClCompile Include="kernel\objects\helicopter_physless\sync_fsm\sync_heli_fsm.cpp">
      <Filter>Source Files\objects\helicopter_physless\sync_fms</Filter>
    </ClCompile>
    <ClCompile Include="kernel\objects\helicopter_physless\sync_fsm\sync_heli_none_state.cpp">
      <Filter>Source Files\objects\helicopter_physless\sync_fms</Filter>
    </ClCompile>
    <ClCompile Include="kernel\objects\helicopter_physless\sync_fsm\sync_heli_phys_state.cpp">
      <Filter>Source Files\objects\helicopter_physless\sync_fms</Filter>
    </ClCompile>
    <ClCompile Include="kernel\objects\helicopter_physless\sync_fsm\sync_heli_transition_fms_phys.cpp">
      <Filter>Source Files\objects\helicopter_physless\sync_fms</Filter>
    </ClCompile>
    <ClCompile Include="kernel\objects\helicopter_physless\sync_fsm\sync_heli_transition_phys_fms.cpp">
      <Filter>Source Files\objects\helicopter_physless\sync_fms</Filter>
    </ClCompile>
    <ClCompile Include="kernel\phys\helicopter_phys_lite.cpp">
      <Filter>Source Files\phys</Filter>
    </ClCompile>
    <ClCompile Include="tests\morph_geometry.cpp">
      <Filter>Source Files\tests</Filter>
    </ClCompile>
    <ClCompile Include="kernel\phys\character_phys.cpp">
      <Filter>Source Files\phys</Filter>
    </ClCompile>
    <ClCompile Include="tests\phys_viewer.cpp">
      <Filter>Source Files\tests</Filter>
    </ClCompile>
    <ClCompile Include="tests\DynamicCharacterController.cpp">
      <Filter>Source Files\tests</Filter>
    </ClCompile>
    <ClCompile Include="tests\systems\systems_impl.cpp">
      <Filter>Source Files\tests\systems</Filter>
    </ClCompile>
    <ClCompile Include="tests\systems\factory_systems.cpp">
      <Filter>Source Files\tests\systems</Filter>
    </ClCompile>
    <ClCompile Include="tests\systems\systems_impl2.cpp">
      <Filter>Source Files\tests\systems</Filter>
    </ClCompile>
    <ClCompile Include="kernel\objects\camera\camera_view.cpp">
      <Filter>Source Files\objects\camera</Filter>
    </ClCompile>
    <ClCompile Include="kernel\objects\camera\camera_vis.cpp">
      <Filter>Source Files\objects\camera</Filter>
    </ClCompile>
    <ClCompile Include="kernel\objects\camera\camera_ctrl.cpp">
      <Filter>Source Files\objects\camera</Filter>
    </ClCompile>
    <ClCompile Include="kernel\objects\environment\environment_view.cpp">
      <Filter>Source Files\objects\environment</Filter>
    </ClCompile>
    <ClCompile Include="kernel\objects\environment\environment_visual.cpp">
      <Filter>Source Files\objects\environment</Filter>
    </ClCompile>
    <ClCompile Include="kernel\objects\environment\environment_ctrl.cpp">
      <Filter>Source Files\objects\environment</Filter>
    </ClCompile>
    <ClCompile Include="kernel\objects\airport\airport_vis.cpp">
      <Filter>Source Files\objects\airport</Filter>
    </ClCompile>
    <ClCompile Include="utils\workqueue.cpp">
      <Filter>Source Files\utils</Filter>
    </ClCompile>
    <ClCompile Include="av\avCore\InstancedAnimationManager.cpp">
      <Filter>Source Files\av\core</Filter>
    </ClCompile>
    <ClCompile Include="av\avCore\Object.cpp">
      <Filter>Source Files\av\core</Filter>
    </ClCompile>
    <ClCompile Include="av\avTerrain\Grass.cpp">
      <Filter>Source Files\av\terrain</Filter>
    </ClCompile>
    <ClCompile Include="av\avTerrain\Grass2.cpp">
      <Filter>Source Files\av\terrain</Filter>
    </ClCompile>
    <ClCompile Include="av\avTerrain\Terrain.cpp">
      <Filter>Source Files\av\terrain</Filter>
    </ClCompile>
    <ClCompile Include="av\avTerrain\Trees.cpp">
      <Filter>Source Files\av\terrain</Filter>
    </ClCompile>
    <ClCompile Include="av\avCore\PreRender.cpp">
      <Filter>Source Files\av\core</Filter>
    </ClCompile>
    <ClCompile Include="av\avSky\CloudLayer.cpp">
      <Filter>Source Files\av\sky\orig_ephemeris</Filter>
    </ClCompile>
    <ClCompile Include="av\avSky\Ephemeris.cpp">
      <Filter>Source Files\av\sky\orig_ephemeris</Filter>
    </ClCompile>
    <ClCompile Include="av\avSky\FogLayer.cpp">
      <Filter>Source Files\av\sky\orig_ephemeris</Filter>
    </ClCompile>
    <ClCompile Include="av\avSky\LightningLayer.cpp">
      <Filter>Source Files\av\sky\orig_ephemeris</Filter>
    </ClCompile>
    <ClCompile Include="utils\LoadManager.cpp">
      <Filter>Source Files\utils</Filter>
    </ClCompile>
    <ClCompile Include="av\avCore\DecalRender.cpp">
      <Filter>Source Files\av\core</Filter>
    </ClCompile>
    <ClCompile Include="tests\sparse_texture.cpp">
      <Filter>Source Files\tests</Filter>
    </ClCompile>
  </ItemGroup>
</Project>