
Microsoft Visual Studio Solution File, Format Version 11.00
# Visual Studio 2010
Project("{8BC9CEB8-8B4A-11D0-8D11-00A0C91BC942}") = "test_osg", "test_osg.vcxproj", "{F84D23D7-581B-462A-A753-1504B3A9302C}"
EndProject
Project("{8BC9CEB8-8B4A-11D0-8D11-00A0C91BC942}") = "conv", "utils\conv\conv.vcxproj", "{7680809C-6415-4374-8032-854C333EAD52}"
EndProject
Project("{8BC9CEB8-8B4A-11D0-8D11-00A0C91BC942}") = "daextr", "utils\daextr\daextr.vcxproj", "{9904DE03-E7DC-4404-BFEC-75288C7223B2}"
EndProject
Project("{2150E333-8FDC-42A3-9474-1A3956D46DE8}") = "common", "common", "{392345DE-B09A-43E8-8031-2AA68EE03F75}"
EndProject
Project("{8BC9CEB8-8B4A-11D0-8D11-00A0C91BC942}") = "network", "tests\network\network.vcxproj", "{2178BDD8-B5A8-4F5B-9028-7EA756714349}"
EndProject
Global
	GlobalSection(SolutionConfigurationPlatforms) = preSolution
		Debug|Win32 = Debug|Win32
		Release|Win32 = Release|Win32
	EndGlobalSection
	GlobalSection(ProjectConfigurationPlatforms) = postSolution
		{F84D23D7-581B-462A-A753-1504B3A9302C}.Debug|Win32.ActiveCfg = Debug|Win32
		{F84D23D7-581B-462A-A753-1504B3A9302C}.Debug|Win32.Build.0 = Debug|Win32
		{F84D23D7-581B-462A-A753-1504B3A9302C}.Release|Win32.ActiveCfg = Release|Win32
		{F84D23D7-581B-462A-A753-1504B3A9302C}.Release|Win32.Build.0 = Release|Win32
		{7680809C-6415-4374-8032-854C333EAD52}.Debug|Win32.ActiveCfg = Debug|Win32
		{7680809C-6415-4374-8032-854C333EAD52}.Debug|Win32.Build.0 = Debug|Win32
		{7680809C-6415-4374-8032-854C333EAD52}.Release|Win32.ActiveCfg = Release|Win32
		{7680809C-6415-4374-8032-854C333EAD52}.Release|Win32.Build.0 = Release|Win32
		{9904DE03-E7DC-4404-BFEC-75288C7223B2}.Debug|Win32.ActiveCfg = Debug|Win32
		{9904DE03-E7DC-4404-BFEC-75288C7223B2}.Debug|Win32.Build.0 = Debug|Win32
		{9904DE03-E7DC-4404-BFEC-75288C7223B2}.Release|Win32.ActiveCfg = Release|Win32
		{9904DE03-E7DC-4404-BFEC-75288C7223B2}.Release|Win32.Build.0 = Release|Win32
		{2178BDD8-B5A8-4F5B-9028-7EA756714349}.Debug|Win32.ActiveCfg = Debug|Win32
		{2178BDD8-B5A8-4F5B-9028-7EA756714349}.Debug|Win32.Build.0 = Debug|Win32
		{2178BDD8-B5A8-4F5B-9028-7EA756714349}.Release|Win32.ActiveCfg = Release|Win32
		{2178BDD8-B5A8-4F5B-9028-7EA756714349}.Release|Win32.Build.0 = Release|Win32
	EndGlobalSection
	GlobalSection(SolutionProperties) = preSolution
		HideSolutionNode = FALSE
	EndGlobalSection
EndGlobal
