<?xml version="1.0" encoding="utf-8"?>
<Project ToolsVersion="4.0" xmlns="http://schemas.microsoft.com/developer/msbuild/2003">
  <ItemGroup>
    <Filter Include="Source Files">
      <UniqueIdentifier>{4FC737F1-C7A5-4376-A066-2A32D752A2FF}</UniqueIdentifier>
      <Extensions>cpp;c;cc;cxx;def;odl;idl;hpj;bat;asm;asmx</Extensions>
    </Filter>
    <Filter Include="Header Files">
      <UniqueIdentifier>{93995380-89BD-4b04-88EB-625FBE52EBFB}</UniqueIdentifier>
      <Extensions>h;hpp;hxx;hm;inl;inc;xsd</Extensions>
    </Filter>
    <Filter Include="Resource Files">
      <UniqueIdentifier>{67DA6AB6-F800-4c08-8B7A-83BB121AAD01}</UniqueIdentifier>
      <Extensions>rc;ico;cur;bmp;dlg;rc2;rct;bin;rgs;gif;jpg;jpeg;jpe;resx;tiff;tif;png;wav;mfcribbon-ms</Extensions>
    </Filter>
    <Filter Include="Source Files\shaders">
      <UniqueIdentifier>{680f57ac-61f3-4bd7-ae47-a25c971ef79e}</UniqueIdentifier>
    </Filter>
    <Filter Include="Source Files\bi">
      <UniqueIdentifier>{5825f9d1-57fe-4ae3-9df4-98c2c25390b5}</UniqueIdentifier>
    </Filter>
    <Filter Include="Source Files\sm">
      <UniqueIdentifier>{bec96533-47bb-4c95-8abf-6f4c8fa9aeaf}</UniqueIdentifier>
    </Filter>
    <Filter Include="Source Files\spark">
      <UniqueIdentifier>{75d8f66a-cf5f-44aa-be85-cb02bb353796}</UniqueIdentifier>
    </Filter>
  </ItemGroup>
  <ItemGroup>
    <None Include="ReadMe.txt" />
    <None Include="shaders\tess.frag">
      <Filter>Source Files\shaders</Filter>
    </None>
    <None Include="shaders\tess.geo">
      <Filter>Source Files\shaders</Filter>
    </None>
    <None Include="shaders\tess.vs">
      <Filter>Source Files\shaders</Filter>
    </None>
    <None Include="shaders\tess_quad.tcs">
      <Filter>Source Files\shaders</Filter>
    </None>
    <None Include="shaders\tess_quad.tes">
      <Filter>Source Files\shaders</Filter>
    </None>
    <None Include="shaders\tess_tri.tcs">
      <Filter>Source Files\shaders</Filter>
    </None>
    <None Include="shaders\tess_tri.tes">
      <Filter>Source Files\shaders</Filter>
    </None>
  </ItemGroup>
  <ItemGroup>
    <ClInclude Include="stdafx.h">
      <Filter>Header Files</Filter>
    </ClInclude>
    <ClInclude Include="targetver.h">
      <Filter>Header Files</Filter>
    </ClInclude>
    <ClInclude Include="creators.h">
      <Filter>Header Files</Filter>
    </ClInclude>
    <ClInclude Include="animation_handler.h">
      <Filter>Header Files</Filter>
    </ClInclude>
    <ClInclude Include="find_node_visitor.h">
      <Filter>Header Files</Filter>
    </ClInclude>
    <ClInclude Include="info_visitor.h">
      <Filter>Header Files</Filter>
    </ClInclude>
    <ClInclude Include="SkyBox.h">
      <Filter>Header Files</Filter>
    </ClInclude>
    <ClInclude Include="shaders.h">
      <Filter>Header Files</Filter>
    </ClInclude>
    <ClInclude Include="find_tex_visitor.h">
      <Filter>Header Files</Filter>
    </ClInclude>
    <ClInclude Include="ct_visitor.h">
      <Filter>Header Files</Filter>
    </ClInclude>
    <ClInclude Include="materials_visitor.h">
      <Filter>Header Files</Filter>
    </ClInclude>
    <ClInclude Include="sv\FogLayer.h">
      <Filter>Header Files</Filter>
    </ClInclude>
    <ClInclude Include="cg_math.h">
      <Filter>Header Files</Filter>
    </ClInclude>
    <ClInclude Include="hi_res_timer.h">
      <Filter>Header Files</Filter>
    </ClInclude>
    <ClInclude Include="light_maps.h">
      <Filter>Header Files</Filter>
    </ClInclude>
    <ClInclude Include="shadow_map.h">
      <Filter>Header Files</Filter>
    </ClInclude>
    <ClInclude Include="teapot.h">
      <Filter>Header Files</Filter>
    </ClInclude>
  </ItemGroup>
  <ItemGroup>
    <ClCompile Include="stdafx.cpp">
      <Filter>Source Files</Filter>
    </ClCompile>
    <ClCompile Include="test_osg.cpp">
      <Filter>Source Files</Filter>
    </ClCompile>
    <ClCompile Include="creators.cpp">
      <Filter>Source Files</Filter>
    </ClCompile>
    <ClCompile Include="animation_handler.cpp">
      <Filter>Source Files</Filter>
    </ClCompile>
    <ClCompile Include="find_node_visitor.cpp">
      <Filter>Source Files</Filter>
    </ClCompile>
    <ClCompile Include="SkyBox.cpp">
      <Filter>Source Files</Filter>
    </ClCompile>
    <ClCompile Include="SimpleHUD.cpp">
      <Filter>Source Files</Filter>
    </ClCompile>
    <ClCompile Include="main_scene.cpp">
      <Filter>Source Files</Filter>
    </ClCompile>
    <ClCompile Include="select_geometry.cpp">
      <Filter>Source Files</Filter>
    </ClCompile>
    <ClCompile Include="main_shadows.cpp">
      <Filter>Source Files</Filter>
    </ClCompile>
    <ClCompile Include="main_shadows_2.cpp">
      <Filter>Source Files</Filter>
    </ClCompile>
    <ClCompile Include="shadow3\Tuto12.cpp">
      <Filter>Source Files</Filter>
    </ClCompile>
    <ClCompile Include="NPS_Tutorials_src\Tutorial_03\texturedGeometry.cpp">
      <Filter>Source Files</Filter>
    </ClCompile>
    <ClCompile Include="NPS_Tutorials_src\Tutorial_04\TestState.cpp">
      <Filter>Source Files</Filter>
    </ClCompile>
    <ClCompile Include="tess_test.cpp">
      <Filter>Source Files</Filter>
    </ClCompile>
    <ClCompile Include="tex_test.cpp">
      <Filter>Source Files</Filter>
    </ClCompile>
    <ClCompile Include="bump_mapping.cpp">
      <Filter>Source Files</Filter>
    </ClCompile>
    <ClCompile Include="common\CommonFunctions.cpp">
      <Filter>Source Files</Filter>
    </ClCompile>
    <ClCompile Include="shaders.cpp">
      <Filter>Source Files</Filter>
    </ClCompile>
    <ClCompile Include="sv\FogLayer.cpp">
      <Filter>Source Files</Filter>
    </ClCompile>
    <ClCompile Include="sv\CloudLayer.cpp">
      <Filter>Source Files</Filter>
    </ClCompile>
    <ClCompile Include="exp_test.cpp">
      <Filter>Source Files</Filter>
    </ClCompile>
    <ClCompile Include="bi\osgbullet.cpp">
      <Filter>Source Files</Filter>
    </ClCompile>
    <ClCompile Include="bi\BulletInterface.cpp">
      <Filter>Source Files\bi</Filter>
    </ClCompile>
    <ClCompile Include="light_maps.cpp">
      <Filter>Source Files</Filter>
    </ClCompile>
    <ClCompile Include="sv\PreRender.cpp">
      <Filter>Source Files</Filter>
    </ClCompile>
    <ClCompile Include="shadow_map.cpp">
      <Filter>Source Files</Filter>
    </ClCompile>
    <ClCompile Include="teapot.cpp">
      <Filter>Source Files</Filter>
    </ClCompile>
    <ClCompile Include="sm\ShadowedScene.cpp">
      <Filter>Source Files\sm</Filter>
    </ClCompile>
    <ClCompile Include="sm\ShadowMap.cpp">
      <Filter>Source Files\sm</Filter>
    </ClCompile>
    <ClCompile Include="sm\ShadowTechnique.cpp">
      <Filter>Source Files\sm</Filter>
    </ClCompile>
    <ClCompile Include="sm\ViewDependentShadowMap.cpp">
      <Filter>Source Files\sm</Filter>
    </ClCompile>
    <ClCompile Include="sm\ShadowSettings.cpp">
      <Filter>Source Files\sm</Filter>
    </ClCompile>
    <ClCompile Include="spark\explosion_effect.cpp">
      <Filter>Source Files\spark</Filter>
    </ClCompile>
    <ClCompile Include="spark\fire_effect.cpp">
      <Filter>Source Files\spark</Filter>
    </ClCompile>
    <ClCompile Include="spark\osgspark.cpp">
      <Filter>Source Files\spark</Filter>
    </ClCompile>
    <ClCompile Include="spark\rain_effect.cpp">
      <Filter>Source Files\spark</Filter>
    </ClCompile>
    <ClCompile Include="spark\simple_effect.cpp">
      <Filter>Source Files\spark</Filter>
    </ClCompile>
    <ClCompile Include="spark\SparkDrawable.cpp">
      <Filter>Source Files\spark</Filter>
    </ClCompile>
    <ClCompile Include="spark\SparkUpdatingHandler.cpp">
      <Filter>Source Files\spark</Filter>
    </ClCompile>
  </ItemGroup>
</Project>