<?xml version="1.0" encoding="utf-8"?>
<Project ToolsVersion="4.0" xmlns="http://schemas.microsoft.com/developer/msbuild/2003">
  <ItemGroup>
    <Filter Include="Source Files">
      <UniqueIdentifier>{4FC737F1-C7A5-4376-A066-2A32D752A2FF}</UniqueIdentifier>
      <Extensions>cpp;c;cc;cxx;def;odl;idl;hpj;bat;asm;asmx</Extensions>
    </Filter>
    <Filter Include="Header Files">
      <UniqueIdentifier>{93995380-89BD-4b04-88EB-625FBE52EBFB}</UniqueIdentifier>
      <Extensions>h;hpp;hxx;hm;inl;inc;xsd</Extensions>
    </Filter>
    <Filter Include="Header Files\Resource Files">
      <UniqueIdentifier>{67DA6AB6-F800-4c08-8B7A-83BB121AAD01}</UniqueIdentifier>
      <Extensions>rc;ico;cur;bmp;dlg;rc2;rct;bin;rgs;gif;jpg;jpeg;jpe;resx;tiff;tif;png;wav;mfcribbon-ms</Extensions>
    </Filter>
    <Filter Include="Source Files\av">
      <UniqueIdentifier>{c25d3158-880d-4907-a105-20945ca7410a}</UniqueIdentifier>
    </Filter>
    <Filter Include="Source Files\av\avCore">
      <UniqueIdentifier>{32f135b3-5c56-4377-9df4-92dfe54cc1bd}</UniqueIdentifier>
    </Filter>
    <Filter Include="Source Files\core">
      <UniqueIdentifier>{e1d24e97-8141-4e8c-8d0c-dbe0667a3c49}</UniqueIdentifier>
    </Filter>
  </ItemGroup>
  <ItemGroup>
    <ClInclude Include="stdafx.h">
      <Filter>Header Files</Filter>
    </ClInclude>
    <ClInclude Include="targetver.h">
      <Filter>Header Files</Filter>
    </ClInclude>
    <ClInclude Include="OrientationConverter.h">
      <Filter>Header Files</Filter>
    </ClInclude>
    <ClInclude Include="optimize_nodes.h">
      <Filter>Header Files</Filter>
    </ClInclude>
    <ClInclude Include="..\..\stl.h">
      <Filter>Header Files</Filter>
    </ClInclude>
    <ClInclude Include="..\visitors\heil_visitor.h">
      <Filter>Header Files</Filter>
    </ClInclude>
  </ItemGroup>
  <ItemGroup>
    <ClCompile Include="stdafx.cpp">
      <Filter>Source Files</Filter>
    </ClCompile>
    <ClCompile Include="conv.cpp">
      <Filter>Source Files</Filter>
    </ClCompile>
    <ClCompile Include="OrientationConverter.cpp">
      <Filter>Source Files</Filter>
    </ClCompile>
    <ClCompile Include="bullet_exporter.cpp">
      <Filter>Source Files</Filter>
    </ClCompile>
    <ClCompile Include="..\..\av\avCore\Utils.cpp">
      <Filter>Source Files\av\avCore</Filter>
    </ClCompile>
    <ClCompile Include="..\..\av\avCore\Timer.cpp">
      <Filter>Source Files\av\avCore</Filter>
    </ClCompile>
    <ClCompile Include="..\..\av\avCore\Database.cpp">
      <Filter>Source Files\av\avCore</Filter>
    </ClCompile>
    <ClCompile Include="..\..\core\config\config.cpp">
      <Filter>Source Files\core</Filter>
    </ClCompile>
    <ClCompile Include="..\..\av\avCore\Noise.cpp">
      <Filter>Source Files\av\avCore</Filter>
    </ClCompile>
    <ClCompile Include="..\..\av\shaders.cpp">
      <Filter>Source Files\av</Filter>
    </ClCompile>
    <ClCompile Include="..\..\av\avUtils\visitors\find_node_visitor.cpp">
      <Filter>Source Files\av</Filter>
    </ClCompile>
    <ClCompile Include="..\..\av\avUtils\materials.cpp">
      <Filter>Source Files\av</Filter>
    </ClCompile>
  </ItemGroup>
  <ItemGroup>
    <None Include="ReadMe.txt">
      <Filter>Source Files</Filter>
    </None>
  </ItemGroup>
</Project>