<?xml version="1.0" encoding="utf-8"?>
<Project ToolsVersion="4.0" xmlns="http://schemas.microsoft.com/developer/msbuild/2003">
  <ItemGroup>
    <Filter Include="Source Files">
      <UniqueIdentifier>{4FC737F1-C7A5-4376-A066-2A32D752A2FF}</UniqueIdentifier>
      <Extensions>cpp;c;cc;cxx;def;odl;idl;hpj;bat;asm;asmx</Extensions>
    </Filter>
    <Filter Include="Header Files">
      <UniqueIdentifier>{93995380-89BD-4b04-88EB-625FBE52EBFB}</UniqueIdentifier>
      <Extensions>h;hpp;hxx;hm;inl;inc;xsd</Extensions>
    </Filter>
    <Filter Include="Resource Files">
      <UniqueIdentifier>{67DA6AB6-F800-4c08-8B7A-83BB121AAD01}</UniqueIdentifier>
      <Extensions>rc;ico;cur;bmp;dlg;rc2;rct;bin;rgs;gif;jpg;jpeg;jpe;resx;tiff;tif;png;wav;mfcribbon-ms</Extensions>
    </Filter>
    <Filter Include="Source Files\av">
      <UniqueIdentifier>{62576320-5480-43c5-a1fe-e7eaa4cda5e6}</UniqueIdentifier>
    </Filter>
    <Filter Include="Source Files\mygui">
      <UniqueIdentifier>{96190050-4c55-4a6c-9d07-0bcedc7af55c}</UniqueIdentifier>
    </Filter>
    <Filter Include="Source Files\flex">
      <UniqueIdentifier>{29414ee0-6d01-491b-9f49-32731d29f045}</UniqueIdentifier>
    </Filter>
    <Filter Include="Source Files\flex\core">
      <UniqueIdentifier>{07591e23-e6fb-4d57-a9ea-73f545bce5a8}</UniqueIdentifier>
    </Filter>
    <Filter Include="Source Files\cegui">
      <UniqueIdentifier>{9a92a06a-5004-4b25-b60d-88ef9ccfda4b}</UniqueIdentifier>
    </Filter>
    <Filter Include="Source Files\utils">
      <UniqueIdentifier>{3c3df4cf-024f-4a24-8458-8e536f7cc1ab}</UniqueIdentifier>
    </Filter>
  </ItemGroup>
  <ItemGroup>
    <None Include="ReadMe.txt" />
  </ItemGroup>
  <ItemGroup>
    <ClInclude Include="stdafx.h">
      <Filter>Header Files</Filter>
    </ClInclude>
    <ClInclude Include="targetver.h">
      <Filter>Header Files</Filter>
    </ClInclude>
    <ClInclude Include="..\flex\FlexDrawable.h">
      <Filter>Source Files\flex</Filter>
    </ClInclude>
  </ItemGroup>
  <ItemGroup>
    <ClCompile Include="stdafx.cpp">
      <Filter>Source Files</Filter>
    </ClCompile>
    <ClCompile Include="tests.cpp">
      <Filter>Source Files</Filter>
    </ClCompile>
    <ClCompile Include="..\patch-lowlevel.cpp">
      <Filter>Source Files</Filter>
    </ClCompile>
    <ClCompile Include="..\phys_viewer.cpp">
      <Filter>Source Files</Filter>
    </ClCompile>
    <ClCompile Include="..\bump_mapping.cpp">
      <Filter>Source Files</Filter>
    </ClCompile>
    <ClCompile Include="..\tex_test.cpp">
      <Filter>Source Files</Filter>
    </ClCompile>
    <ClCompile Include="..\tess_test.cpp">
      <Filter>Source Files</Filter>
    </ClCompile>
    <ClCompile Include="..\sparse_texture.cpp">
      <Filter>Source Files</Filter>
    </ClCompile>
    <ClCompile Include="..\shadow_map.cpp">
      <Filter>Source Files</Filter>
    </ClCompile>
    <ClCompile Include="..\render_points.cpp">
      <Filter>Source Files</Filter>
    </ClCompile>
    <ClCompile Include="..\mrt_test.cpp">
      <Filter>Source Files</Filter>
    </ClCompile>
    <ClCompile Include="..\osgshadowworks.cpp">
      <Filter>Source Files</Filter>
    </ClCompile>
    <ClCompile Include="..\main_shadows_2.cpp">
      <Filter>Source Files</Filter>
    </ClCompile>
    <ClCompile Include="..\main_shadows.cpp">
      <Filter>Source Files</Filter>
    </ClCompile>
    <ClCompile Include="..\light_test.cpp">
      <Filter>Source Files</Filter>
    </ClCompile>
    <ClCompile Include="..\grass_test2.cpp">
      <Filter>Source Files</Filter>
    </ClCompile>
    <ClCompile Include="..\grass_test.cpp">
      <Filter>Source Files</Filter>
    </ClCompile>
    <ClCompile Include="..\exp_test.cpp">
      <Filter>Source Files</Filter>
    </ClCompile>
    <ClCompile Include="..\ssao\ffssao.cpp">
      <Filter>Source Files</Filter>
    </ClCompile>
    <ClCompile Include="..\flame_test.cpp">
      <Filter>Source Files</Filter>
    </ClCompile>
    <ClCompile Include="..\teapot.cpp">
      <Filter>Source Files</Filter>
    </ClCompile>
    <ClCompile Include="..\dubins_test.cpp">
      <Filter>Source Files</Filter>
    </ClCompile>
    <ClCompile Include="..\animation_test.cpp">
      <Filter>Source Files</Filter>
    </ClCompile>
    <ClCompile Include="..\animation_test5.cpp">
      <Filter>Source Files</Filter>
    </ClCompile>
    <ClCompile Include="..\animation_test2.cpp">
      <Filter>Source Files</Filter>
    </ClCompile>
    <ClCompile Include="..\animation_test3.cpp">
      <Filter>Source Files</Filter>
    </ClCompile>
    <ClCompile Include="..\animation_test4.cpp">
      <Filter>Source Files</Filter>
    </ClCompile>
    <ClCompile Include="..\DynamicCharacterController.cpp">
      <Filter>Source Files</Filter>
    </ClCompile>
    <ClCompile Include="..\test_boost_timer.cpp">
      <Filter>Source Files</Filter>
    </ClCompile>
    <ClCompile Include="..\test_curves.cpp">
      <Filter>Source Files</Filter>
    </ClCompile>
    <ClCompile Include="..\SkyBox.cpp">
      <Filter>Source Files</Filter>
    </ClCompile>
    <ClCompile Include="..\morph_geometry.cpp">
      <Filter>Source Files</Filter>
    </ClCompile>
    <ClCompile Include="..\osgsmartbody.cpp">
      <Filter>Source Files</Filter>
    </ClCompile>
    <ClCompile Include="..\creators.cpp">
      <Filter>Source Files</Filter>
    </ClCompile>
    <ClCompile Include="..\..\kernel\fms\dubins.cpp">
      <Filter>Source Files</Filter>
    </ClCompile>
    <ClCompile Include="..\..\av\avCore\Noise.cpp">
      <Filter>Source Files\av</Filter>
    </ClCompile>
    <ClCompile Include="..\..\av\avCore\Utils.cpp">
      <Filter>Source Files\av</Filter>
    </ClCompile>
    <ClCompile Include="..\..\av\avCore\Database.cpp">
      <Filter>Source Files\av</Filter>
    </ClCompile>
    <ClCompile Include="..\..\av\avCore\Timer.cpp">
      <Filter>Source Files\av</Filter>
    </ClCompile>
    <ClCompile Include="..\..\av\shaders.cpp">
      <Filter>Source Files\av</Filter>
    </ClCompile>
    <ClCompile Include="..\..\av\avCore\Object.cpp">
      <Filter>Source Files\av</Filter>
    </ClCompile>
    <ClCompile Include="..\..\av\avCore\LOD.cpp">
      <Filter>Source Files\av</Filter>
    </ClCompile>
    <ClCompile Include="..\..\av\avCore\InstancedAnimationManager.cpp">
      <Filter>Source Files\av</Filter>
    </ClCompile>
    <ClCompile Include="..\..\av\avCore\InstancesManager.cpp">
      <Filter>Source Files\av</Filter>
    </ClCompile>
    <ClCompile Include="..\..\av\avCore\InstancesManagerImpl.cpp">
      <Filter>Source Files\av</Filter>
    </ClCompile>
    <ClCompile Include="..\..\core\config\config.cpp">
      <Filter>Source Files</Filter>
    </ClCompile>
    <ClCompile Include="..\..\av\avCore\XmlModel.cpp">
      <Filter>Source Files\av</Filter>
    </ClCompile>
    <ClCompile Include="..\..\_include\objects\bullet_importer.cpp">
      <Filter>Source Files</Filter>
    </ClCompile>
    <ClCompile Include="..\MyGui\MYGUIManager.cpp">
      <Filter>Source Files\mygui</Filter>
    </ClCompile>
    <ClCompile Include="..\MyGui\osgmygui.cpp">
      <Filter>Source Files\mygui</Filter>
    </ClCompile>
    <ClCompile Include="..\SimpleHUD.cpp">
      <Filter>Source Files</Filter>
    </ClCompile>
    <ClCompile Include="..\flex\FlexDrawable.cpp">
      <Filter>Source Files\flex</Filter>
    </ClCompile>
    <ClCompile Include="..\flex\osgflex.cpp">
      <Filter>Source Files\flex</Filter>
    </ClCompile>
    <ClCompile Include="..\..\..\flex-080\flex\core\maths.cpp">
      <Filter>Source Files\flex\core</Filter>
    </ClCompile>
    <ClCompile Include="..\..\..\flex-080\flex\core\mesh.cpp">
      <Filter>Source Files\flex\core</Filter>
    </ClCompile>
    <ClCompile Include="..\..\..\flex-080\flex\core\platform.cpp">
      <Filter>Source Files\flex\core</Filter>
    </ClCompile>
    <ClCompile Include="..\cegui\cegui_main.cpp">
      <Filter>Source Files\cegui</Filter>
    </ClCompile>
    <ClCompile Include="..\select_geometry.cpp">
      <Filter>Source Files</Filter>
    </ClCompile>
    <ClCompile Include="..\common\CommonFunctions.cpp">
      <Filter>Source Files\utils</Filter>
    </ClCompile>
    <ClCompile Include="..\..\utils\visitors\ComputeTriMeshVisitor.cpp">
      <Filter>Source Files\utils</Filter>
    </ClCompile>
    <ClCompile Include="..\anim_test.cpp">
      <Filter>Source Files</Filter>
    </ClCompile>
    <ClCompile Include="..\main_scene.cpp">
      <Filter>Source Files</Filter>
    </ClCompile>
    <ClCompile Include="..\..\av\avUtils\visitors\find_node_visitor.cpp">
      <Filter>Source Files\utils</Filter>
    </ClCompile>
    <ClCompile Include="..\..\av\avUtils\materials.cpp">
      <Filter>Source Files\utils</Filter>
    </ClCompile>
    <ClCompile Include="..\..\av\avUtils\animation_handler.cpp">
      <Filter>Source Files\utils</Filter>
    </ClCompile>
    <ClCompile Include="..\..\av\avUtils\empty_scene.cpp">
      <Filter>Source Files\utils</Filter>
    </ClCompile>
    <ClCompile Include="..\..\av\avCore\InstancesNum.cpp">
      <Filter>Source Files\av</Filter>
    </ClCompile>
  </ItemGroup>
</Project>