
Microsoft Visual Studio Solution File, Format Version 11.00
# Visual Studio 2010
Project("{8BC9CEB8-8B4A-11D0-8D11-00A0C91BC942}") = "visapp", "visapp.vcxproj", "{AC36F021-16FE-4C48-8989-AF578E2A015C}"
	ProjectSection(ProjectDependencies) = postProject
		{0921A4A2-9895-395F-A571-659FA64EA1CF} = {0921A4A2-9895-395F-A571-659FA64EA1CF}
	EndProjectSection
EndProject
Project("{8BC9CEB8-8B4A-11D0-8D11-00A0C91BC942}") = "osgqtwidget", "tests\osg_widget\osgqtwidget.vcxproj", "{0921A4A2-9895-395F-A571-659FA64EA1CF}"
EndProject
Project("{8BC9CEB8-8B4A-11D0-8D11-00A0C91BC942}") = "visual", "tests\visual\visual.vcxproj", "{F03A9B8B-808A-3179-AB91-39C7D40351F3}"
EndProject
Global
	GlobalSection(SolutionConfigurationPlatforms) = preSolution
		Debug|Win32 = Debug|Win32
		Release|Win32 = Release|Win32
	EndGlobalSection
	GlobalSection(ProjectConfigurationPlatforms) = postSolution
		{AC36F021-16FE-4C48-8989-AF578E2A015C}.Debug|Win32.ActiveCfg = Debug|Win32
		{AC36F021-16FE-4C48-8989-AF578E2A015C}.Debug|Win32.Build.0 = Debug|Win32
		{AC36F021-16FE-4C48-8989-AF578E2A015C}.Release|Win32.ActiveCfg = Release|Win32
		{AC36F021-16FE-4C48-8989-AF578E2A015C}.Release|Win32.Build.0 = Release|Win32
		{0921A4A2-9895-395F-A571-659FA64EA1CF}.Debug|Win32.ActiveCfg = Debug|Win32
		{0921A4A2-9895-395F-A571-659FA64EA1CF}.Debug|Win32.Build.0 = Debug|Win32
		{0921A4A2-9895-395F-A571-659FA64EA1CF}.Release|Win32.ActiveCfg = Release|Win32
		{0921A4A2-9895-395F-A571-659FA64EA1CF}.Release|Win32.Build.0 = Release|Win32
		{F03A9B8B-808A-3179-AB91-39C7D40351F3}.Debug|Win32.ActiveCfg = Debug|Win32
		{F03A9B8B-808A-3179-AB91-39C7D40351F3}.Debug|Win32.Build.0 = Debug|Win32
		{F03A9B8B-808A-3179-AB91-39C7D40351F3}.Release|Win32.ActiveCfg = Release|Win32
		{F03A9B8B-808A-3179-AB91-39C7D40351F3}.Release|Win32.Build.0 = Release|Win32
	EndGlobalSection
	GlobalSection(SolutionProperties) = preSolution
		HideSolutionNode = FALSE
	EndGlobalSection
EndGlobal
